
Microsoft Visual Studio Solution File, Format Version 12.00
# Visual Studio Version 17
VisualStudioVersion = 17.0.31903.59
MinimumVisualStudioVersion = 10.0.40219.1
Project("{FAE04EC0-301F-11D3-BF4B-00C04F79EFBC}") = "Buoi01Prj", "Buoi01Prj\Buoi01Prj.csproj", "{540FD55B-9FB3-4E79-99CA-88E1D72AB308}"
EndProject
Project("{FAE04EC0-301F-11D3-BF4B-00C04F79EFBC}") = "MyLib.Tests", "MyLib.Tests\MyLib.Tests.csproj", "{3BF02DF9-A01B-4987-AE1E-3FB35042369F}"
EndProject
Project("{FAE04EC0-301F-11D3-BF4B-00C04F79EFBC}") = "MyLib", "MyLib\MyLib.csproj", "{35DF6C54-215D-4DBB-A6FA-C4D0A8CCD8C4}"
EndProject
Global
	GlobalSection(SolutionConfigurationPlatforms) = preSolution
		Debug|Any CPU = Debug|Any CPU
		Debug|x64 = Debug|x64
		Debug|x86 = Debug|x86
		Release|Any CPU = Release|Any CPU
		Release|x64 = Release|x64
		Release|x86 = Release|x86
	EndGlobalSection
	GlobalSection(ProjectConfigurationPlatforms) = postSolution
		{540FD55B-9FB3-4E79-99CA-88E1D72AB308}.Debug|Any CPU.ActiveCfg = Debug|Any CPU
		{540FD55B-9FB3-4E79-99CA-88E1D72AB308}.Debug|Any CPU.Build.0 = Debug|Any CPU
		{540FD55B-9FB3-4E79-99CA-88E1D72AB308}.Debug|x64.ActiveCfg = Debug|Any CPU
		{540FD55B-9FB3-4E79-99CA-88E1D72AB308}.Debug|x64.Build.0 = Debug|Any CPU
		{540FD55B-9FB3-4E79-99CA-88E1D72AB308}.Debug|x86.ActiveCfg = Debug|Any CPU
		{540FD55B-9FB3-4E79-99CA-88E1D72AB308}.Debug|x86.Build.0 = Debug|Any CPU
		{540FD55B-9FB3-4E79-99CA-88E1D72AB308}.Release|Any CPU.ActiveCfg = Release|Any CPU
		{540FD55B-9FB3-4E79-99CA-88E1D72AB308}.Release|Any CPU.Build.0 = Release|Any CPU
		{540FD55B-9FB3-4E79-99CA-88E1D72AB308}.Release|x64.ActiveCfg = Release|Any CPU
		{540FD55B-9FB3-4E79-99CA-88E1D72AB308}.Release|x64.Build.0 = Release|Any CPU
		{540FD55B-9FB3-4E79-99CA-88E1D72AB308}.Release|x86.ActiveCfg = Release|Any CPU
		{540FD55B-9FB3-4E79-99CA-88E1D72AB308}.Release|x86.Build.0 = Release|Any CPU
		{3BF02DF9-A01B-4987-AE1E-3FB35042369F}.Debug|Any CPU.ActiveCfg = Debug|Any CPU
		{3BF02DF9-A01B-4987-AE1E-3FB35042369F}.Debug|Any CPU.Build.0 = Debug|Any CPU
		{3BF02DF9-A01B-4987-AE1E-3FB35042369F}.Debug|x64.ActiveCfg = Debug|Any CPU
		{3BF02DF9-A01B-4987-AE1E-3FB35042369F}.Debug|x64.Build.0 = Debug|Any CPU
		{3BF02DF9-A01B-4987-AE1E-3FB35042369F}.Debug|x86.ActiveCfg = Debug|Any CPU
		{3BF02DF9-A01B-4987-AE1E-3FB35042369F}.Debug|x86.Build.0 = Debug|Any CPU
		{3BF02DF9-A01B-4987-AE1E-3FB35042369F}.Release|Any CPU.ActiveCfg = Release|Any CPU
		{3BF02DF9-A01B-4987-AE1E-3FB35042369F}.Release|Any CPU.Build.0 = Release|Any CPU
		{3BF02DF9-A01B-4987-AE1E-3FB35042369F}.Release|x64.ActiveCfg = Release|Any CPU
		{3BF02DF9-A01B-4987-AE1E-3FB35042369F}.Release|x64.Build.0 = Release|Any CPU
		{3BF02DF9-A01B-4987-AE1E-3FB35042369F}.Release|x86.ActiveCfg = Release|Any CPU
		{3BF02DF9-A01B-4987-AE1E-3FB35042369F}.Release|x86.Build.0 = Release|Any CPU
		{35DF6C54-215D-4DBB-A6FA-C4D0A8CCD8C4}.Debug|Any CPU.ActiveCfg = Debug|Any CPU
		{35DF6C54-215D-4DBB-A6FA-C4D0A8CCD8C4}.Debug|Any CPU.Build.0 = Debug|Any CPU
		{35DF6C54-215D-4DBB-A6FA-C4D0A8CCD8C4}.Debug|x64.ActiveCfg = Debug|Any CPU
		{35DF6C54-215D-4DBB-A6FA-C4D0A8CCD8C4}.Debug|x64.Build.0 = Debug|Any CPU
		{35DF6C54-215D-4DBB-A6FA-C4D0A8CCD8C4}.Debug|x86.ActiveCfg = Debug|Any CPU
		{35DF6C54-215D-4DBB-A6FA-C4D0A8CCD8C4}.Debug|x86.Build.0 = Debug|Any CPU
		{35DF6C54-215D-4DBB-A6FA-C4D0A8CCD8C4}.Release|Any CPU.ActiveCfg = Release|Any CPU
		{35DF6C54-215D-4DBB-A6FA-C4D0A8CCD8C4}.Release|Any CPU.Build.0 = Release|Any CPU
		{35DF6C54-215D-4DBB-A6FA-C4D0A8CCD8C4}.Release|x64.ActiveCfg = Release|Any CPU
		{35DF6C54-215D-4DBB-A6FA-C4D0A8CCD8C4}.Release|x64.Build.0 = Release|Any CPU
		{35DF6C54-215D-4DBB-A6FA-C4D0A8CCD8C4}.Release|x86.ActiveCfg = Release|Any CPU
		{35DF6C54-215D-4DBB-A6FA-C4D0A8CCD8C4}.Release|x86.Build.0 = Release|Any CPU
	EndGlobalSection
	GlobalSection(SolutionProperties) = preSolution
		HideSolutionNode = FALSE
	EndGlobalSection
EndGlobal
